{
  "name": "fem-frontend-architecture-diagrams",
  "version": "1.0.0",
  "lockfileVersion": 3,
  "requires": true,
  "packages": {
    "": {
      "name": "fem-frontend-architecture-diagrams",
      "version": "1.0.0",
      "dependencies": {
        "node-graphviz": "^0.1.1"
      },
      "engines": {
        "node": ">=20"
      }
    },
    "node_modules/node-graphviz": {
      "version": "0.1.1",
      "resolved": "https://registry.npmjs.org/node-graphviz/-/node-graphviz-0.1.1.tgz",
      "integrity": "sha512-riY8/pFGSD1ipmyzqCwuN2M6W02ELfuLDjhJvTrQCUS/15tyU8ExkC96mlQrNLBK8Ws0z8PdH+ChBT6DuPFWWA==",
      "license": "MIT"
    }
  }
}
